Microsoft Visual Studio Solution File, Format Version 12.00
# Visual Studio Version 17
VisualStudioVersion = 17.5.2.0
MinimumVisualStudioVersion = 10.0.40219.1
Project("{FAE04EC0-301F-11D3-BF4B-00C04F79EFBC}") = "EnventEaseApp", "EnventEaseApp.csproj", "{CC4832EB-5B45-0478-12B1-7AB7F12E7134}"
EndProject
Global
	GlobalSection(SolutionConfigurationPlatforms) = preSolution
		Debug|Any CPU = Debug|Any CPU
		Release|Any CPU = Release|Any CPU
	EndGlobalSection
	GlobalSection(ProjectConfigurationPlatforms) = postSolution
		{CC4832EB-5B45-0478-12B1-7AB7F12E7134}.Debug|Any CPU.ActiveCfg = Debug|Any CPU
		{CC4832EB-5B45-0478-12B1-7AB7F12E7134}.Debug|Any CPU.Build.0 = Debug|Any CPU
		{CC4832EB-5B45-0478-12B1-7AB7F12E7134}.Release|Any CPU.ActiveCfg = Release|Any CPU
		{CC4832EB-5B45-0478-12B1-7AB7F12E7134}.Release|Any CPU.Build.0 = Release|Any CPU
	EndGlobalSection
	GlobalSection(SolutionProperties) = preSolution
		HideSolutionNode = FALSE
	EndGlobalSection
	GlobalSection(ExtensibilityGlobals) = postSolution
		SolutionGuid = {76A36F3C-7D9C-4DBB-BB91-F94F8BBF1F61}
	EndGlobalSection
EndGlobal
